
Microsoft Visual Studio Solution File, Format Version 12.00
# Visual Studio Version 16
VisualStudioVersion = 16.0.30907.101
MinimumVisualStudioVersion = 10.0.40219.1
Project("{9A19103F-16F7-4668-BE54-9A1E7A4F7556}") = "Shark.Core", "SharkFramework\Shark.Core.csproj", "{01937DBA-DB28-4EEA-BB26-5B420D6F6193}"
EndProject
Project("{9A19103F-16F7-4668-BE54-9A1E7A4F7556}") = "Shark.API", "Shark.API\Shark.API.csproj", "{20D27380-B16C-4A9A-A02A-6AD6203FE110}"
EndProject
Project("{9A19103F-16F7-4668-BE54-9A1E7A4F7556}") = "Shark.Web", "Shark.Web\Shark.Web.csproj", "{BD7AEE22-7281-4F95-BA2A-F2F41981571A}"
EndProject
Project("{9A19103F-16F7-4668-BE54-9A1E7A4F7556}") = "Shark.Desktop", "Shark.Desktop\Shark.Desktop.csproj", "{C6786ADE-6F14-4A41-AE0F-794FB9C7724F}"
EndProject
Project("{9A19103F-16F7-4668-BE54-9A1E7A4F7556}") = "Shark.Mobile", "Shark.Mobile\Shark.Mobile.csproj", "{7A8533F1-2AD9-490F-AD78-53AD5884489C}"
EndProject
Project("{9A19103F-16F7-4668-BE54-9A1E7A4F7556}") = "Rocket.SystemTests", "Rocket.SystemTests\Rocket.SystemTests.csproj", "{E281B28D-D266-4510-B9F6-DA67AE69E9AB}"
EndProject
Project("{2150E333-8FDC-42A3-9474-1A3956D46DE8}") = "src", "src", "{9338BD99-8A3F-4938-B351-4EF2EAE378E2}"
EndProject
Project("{2150E333-8FDC-42A3-9474-1A3956D46DE8}") = "tests", "tests", "{969F5875-15AA-4DD4-9384-6EE2618846E5}"
EndProject
Project("{2150E333-8FDC-42A3-9474-1A3956D46DE8}") = "Solution Items", "Solution Items", "{0A404B5C-8BE9-4BD1-B10A-E3C2E324E1AE}"
	ProjectSection(SolutionItems) = preProject
		.editorconfig = .editorconfig
		StyleCopeRules.ruleset = StyleCopeRules.ruleset
	EndProjectSection
EndProject
Global
	GlobalSection(SolutionConfigurationPlatforms) = preSolution
		Debug|Any CPU = Debug|Any CPU
		Dev|Any CPU = Dev|Any CPU
		Prod|Any CPU = Prod|Any CPU
		QA|Any CPU = QA|Any CPU
		Release|Any CPU = Release|Any CPU
	EndGlobalSection
	GlobalSection(ProjectConfigurationPlatforms) = postSolution
		{01937DBA-DB28-4EEA-BB26-5B420D6F6193}.Debug|Any CPU.ActiveCfg = Debug|Any CPU
		{01937DBA-DB28-4EEA-BB26-5B420D6F6193}.Debug|Any CPU.Build.0 = Debug|Any CPU
		{01937DBA-DB28-4EEA-BB26-5B420D6F6193}.Dev|Any CPU.ActiveCfg = Dev|Any CPU
		{01937DBA-DB28-4EEA-BB26-5B420D6F6193}.Dev|Any CPU.Build.0 = Dev|Any CPU
		{01937DBA-DB28-4EEA-BB26-5B420D6F6193}.Prod|Any CPU.ActiveCfg = Prod|Any CPU
		{01937DBA-DB28-4EEA-BB26-5B420D6F6193}.Prod|Any CPU.Build.0 = Prod|Any CPU
		{01937DBA-DB28-4EEA-BB26-5B420D6F6193}.QA|Any CPU.ActiveCfg = QA|Any CPU
		{01937DBA-DB28-4EEA-BB26-5B420D6F6193}.QA|Any CPU.Build.0 = QA|Any CPU
		{01937DBA-DB28-4EEA-BB26-5B420D6F6193}.Release|Any CPU.ActiveCfg = Release|Any CPU
		{01937DBA-DB28-4EEA-BB26-5B420D6F6193}.Release|Any CPU.Build.0 = Release|Any CPU
		{20D27380-B16C-4A9A-A02A-6AD6203FE110}.Debug|Any CPU.ActiveCfg = Debug|Any CPU
		{20D27380-B16C-4A9A-A02A-6AD6203FE110}.Debug|Any CPU.Build.0 = Debug|Any CPU
		{20D27380-B16C-4A9A-A02A-6AD6203FE110}.Dev|Any CPU.ActiveCfg = Dev|Any CPU
		{20D27380-B16C-4A9A-A02A-6AD6203FE110}.Dev|Any CPU.Build.0 = Dev|Any CPU
		{20D27380-B16C-4A9A-A02A-6AD6203FE110}.Prod|Any CPU.ActiveCfg = Prod|Any CPU
		{20D27380-B16C-4A9A-A02A-6AD6203FE110}.Prod|Any CPU.Build.0 = Prod|Any CPU
		{20D27380-B16C-4A9A-A02A-6AD6203FE110}.QA|Any CPU.ActiveCfg = QA|Any CPU
		{20D27380-B16C-4A9A-A02A-6AD6203FE110}.QA|Any CPU.Build.0 = QA|Any CPU
		{20D27380-B16C-4A9A-A02A-6AD6203FE110}.Release|Any CPU.ActiveCfg = Release|Any CPU
		{20D27380-B16C-4A9A-A02A-6AD6203FE110}.Release|Any CPU.Build.0 = Release|Any CPU
		{BD7AEE22-7281-4F95-BA2A-F2F41981571A}.Debug|Any CPU.ActiveCfg = Debug|Any CPU
		{BD7AEE22-7281-4F95-BA2A-F2F41981571A}.Debug|Any CPU.Build.0 = Debug|Any CPU
		{BD7AEE22-7281-4F95-BA2A-F2F41981571A}.Dev|Any CPU.ActiveCfg = Dev|Any CPU
		{BD7AEE22-7281-4F95-BA2A-F2F41981571A}.Dev|Any CPU.Build.0 = Dev|Any CPU
		{BD7AEE22-7281-4F95-BA2A-F2F41981571A}.Prod|Any CPU.ActiveCfg = Prod|Any CPU
		{BD7AEE22-7281-4F95-BA2A-F2F41981571A}.Prod|Any CPU.Build.0 = Prod|Any CPU
		{BD7AEE22-7281-4F95-BA2A-F2F41981571A}.QA|Any CPU.ActiveCfg = QA|Any CPU
		{BD7AEE22-7281-4F95-BA2A-F2F41981571A}.QA|Any CPU.Build.0 = QA|Any CPU
		{BD7AEE22-7281-4F95-BA2A-F2F41981571A}.Release|Any CPU.ActiveCfg = Release|Any CPU
		{BD7AEE22-7281-4F95-BA2A-F2F41981571A}.Release|Any CPU.Build.0 = Release|Any CPU
		{C6786ADE-6F14-4A41-AE0F-794FB9C7724F}.Debug|Any CPU.ActiveCfg = Debug|Any CPU
		{C6786ADE-6F14-4A41-AE0F-794FB9C7724F}.Debug|Any CPU.Build.0 = Debug|Any CPU
		{C6786ADE-6F14-4A41-AE0F-794FB9C7724F}.Dev|Any CPU.ActiveCfg = Dev|Any CPU
		{C6786ADE-6F14-4A41-AE0F-794FB9C7724F}.Dev|Any CPU.Build.0 = Dev|Any CPU
		{C6786ADE-6F14-4A41-AE0F-794FB9C7724F}.Prod|Any CPU.ActiveCfg = Prod|Any CPU
		{C6786ADE-6F14-4A41-AE0F-794FB9C7724F}.Prod|Any CPU.Build.0 = Prod|Any CPU
		{C6786ADE-6F14-4A41-AE0F-794FB9C7724F}.QA|Any CPU.ActiveCfg = QA|Any CPU
		{C6786ADE-6F14-4A41-AE0F-794FB9C7724F}.QA|Any CPU.Build.0 = QA|Any CPU
		{C6786ADE-6F14-4A41-AE0F-794FB9C7724F}.Release|Any CPU.ActiveCfg = Release|Any CPU
		{C6786ADE-6F14-4A41-AE0F-794FB9C7724F}.Release|Any CPU.Build.0 = Release|Any CPU
		{7A8533F1-2AD9-490F-AD78-53AD5884489C}.Debug|Any CPU.ActiveCfg = Debug|Any CPU
		{7A8533F1-2AD9-490F-AD78-53AD5884489C}.Debug|Any CPU.Build.0 = Debug|Any CPU
		{7A8533F1-2AD9-490F-AD78-53AD5884489C}.Dev|Any CPU.ActiveCfg = Dev|Any CPU
		{7A8533F1-2AD9-490F-AD78-53AD5884489C}.Dev|Any CPU.Build.0 = Dev|Any CPU
		{7A8533F1-2AD9-490F-AD78-53AD5884489C}.Prod|Any CPU.ActiveCfg = Prod|Any CPU
		{7A8533F1-2AD9-490F-AD78-53AD5884489C}.Prod|Any CPU.Build.0 = Prod|Any CPU
		{7A8533F1-2AD9-490F-AD78-53AD5884489C}.QA|Any CPU.ActiveCfg = Prod|Any CPU
		{7A8533F1-2AD9-490F-AD78-53AD5884489C}.QA|Any CPU.Build.0 = Prod|Any CPU
		{7A8533F1-2AD9-490F-AD78-53AD5884489C}.Release|Any CPU.ActiveCfg = Release|Any CPU
		{7A8533F1-2AD9-490F-AD78-53AD5884489C}.Release|Any CPU.Build.0 = Release|Any CPU
		{E281B28D-D266-4510-B9F6-DA67AE69E9AB}.Debug|Any CPU.ActiveCfg = Debug|Any CPU
		{E281B28D-D266-4510-B9F6-DA67AE69E9AB}.Debug|Any CPU.Build.0 = Debug|Any CPU
		{E281B28D-D266-4510-B9F6-DA67AE69E9AB}.Dev|Any CPU.ActiveCfg = Dev|Any CPU
		{E281B28D-D266-4510-B9F6-DA67AE69E9AB}.Dev|Any CPU.Build.0 = Dev|Any CPU
		{E281B28D-D266-4510-B9F6-DA67AE69E9AB}.Prod|Any CPU.ActiveCfg = Prod|Any CPU
		{E281B28D-D266-4510-B9F6-DA67AE69E9AB}.Prod|Any CPU.Build.0 = Prod|Any CPU
		{E281B28D-D266-4510-B9F6-DA67AE69E9AB}.QA|Any CPU.ActiveCfg = Prod|Any CPU
		{E281B28D-D266-4510-B9F6-DA67AE69E9AB}.QA|Any CPU.Build.0 = Prod|Any CPU
		{E281B28D-D266-4510-B9F6-DA67AE69E9AB}.Release|Any CPU.ActiveCfg = Release|Any CPU
		{E281B28D-D266-4510-B9F6-DA67AE69E9AB}.Release|Any CPU.Build.0 = Release|Any CPU
	EndGlobalSection
	GlobalSection(SolutionProperties) = preSolution
		HideSolutionNode = FALSE
	EndGlobalSection
	GlobalSection(NestedProjects) = preSolution
		{01937DBA-DB28-4EEA-BB26-5B420D6F6193} = {9338BD99-8A3F-4938-B351-4EF2EAE378E2}
		{20D27380-B16C-4A9A-A02A-6AD6203FE110} = {9338BD99-8A3F-4938-B351-4EF2EAE378E2}
		{BD7AEE22-7281-4F95-BA2A-F2F41981571A} = {9338BD99-8A3F-4938-B351-4EF2EAE378E2}
		{C6786ADE-6F14-4A41-AE0F-794FB9C7724F} = {9338BD99-8A3F-4938-B351-4EF2EAE378E2}
		{7A8533F1-2AD9-490F-AD78-53AD5884489C} = {9338BD99-8A3F-4938-B351-4EF2EAE378E2}
		{E281B28D-D266-4510-B9F6-DA67AE69E9AB} = {969F5875-15AA-4DD4-9384-6EE2618846E5}
	EndGlobalSection
	GlobalSection(ExtensibilityGlobals) = postSolution
		SolutionGuid = {10CA6382-5687-4B3D-858B-4EA763DC193A}
	EndGlobalSection
EndGlobal
